
Microsoft Visual Studio Solution File, Format Version 12.00
# Visual Studio Version 16
VisualStudioVersion = 16.0.29424.173
MinimumVisualStudioVersion = 10.0.40219.1
Project("{9A19103F-16F7-4668-BE54-9A1E7A4F7556}") = "SmartReporting", "SmartReporting\SmartReporting.csproj", "{69A1D9CD-AE7E-4441-B670-B92F2154FCE9}"
EndProject
Project("{9A19103F-16F7-4668-BE54-9A1E7A4F7556}") = "SmartDomain", "SmartDomain\SmartDomain.csproj", "{9BF16BDE-79CB-4A15-BD5B-12AC14AC9E8A}"
EndProject
Project("{9A19103F-16F7-4668-BE54-9A1E7A4F7556}") = "SmartDataAccess", "SmartDataAccess\SmartDataAccess.csproj", "{74BDD7CF-3F2E-4A85-B3CC-E0D8DE2588D4}"
EndProject
Project("{9A19103F-16F7-4668-BE54-9A1E7A4F7556}") = "SmartHelper", "SmartHelper\SmartHelper.csproj", "{A74D9E34-6806-42AA-AEBC-403FCD9AE8AB}"
EndProject
Project("{9A19103F-16F7-4668-BE54-9A1E7A4F7556}") = "SmartLogic", "SmartLogic\SmartLogic.csproj", "{94D00594-26CC-43E9-8C89-86573A83C97E}"
EndProject
Project("{9A19103F-16F7-4668-BE54-9A1E7A4F7556}") = "SmartSave", "SmartSave\SmartSave.csproj", "{8F68E85A-CF87-45A4-9F24-3FDDBEAE6938}"
EndProject
Project("{9A19103F-16F7-4668-BE54-9A1E7A4F7556}") = "SmartLog", "SmartErrorLog\SmartLog.csproj", "{55AF9401-1787-46D1-81E6-B0F399FFEC09}"
EndProject
Project("{9A19103F-16F7-4668-BE54-9A1E7A4F7556}") = "SmartInterfaces", "SmartInterfaces\SmartInterfaces.csproj", "{71C92FD7-540C-4925-9E27-866D5E2A8DAD}"
EndProject
Project("{9A19103F-16F7-4668-BE54-9A1E7A4F7556}") = "SmartMail", "SmartMail\SmartMail.csproj", "{87CF772E-79A2-488F-B742-EDF9A59DAA69}"
EndProject
Project("{9A19103F-16F7-4668-BE54-9A1E7A4F7556}") = "SmartExtensions", "SmartExtensions\SmartExtensions.csproj", "{53646761-F3DE-40A7-AFEC-12D5FAB696EC}"
EndProject
Project("{9A19103F-16F7-4668-BE54-9A1E7A4F7556}") = "SmartAsync", "SmartQueue\SmartAsync.csproj", "{D3D7F9ED-0539-4139-9ADE-DB17FAE36B36}"
EndProject
Project("{9A19103F-16F7-4668-BE54-9A1E7A4F7556}") = "SmartAsyncMailing", "SmartAsyncMailing\SmartAsyncMailing.csproj", "{6E6E1383-B514-4946-A9A2-8C11E81EB7FD}"
EndProject
Global
	GlobalSection(SolutionConfigurationPlatforms) = preSolution
		Debug|Any CPU = Debug|Any CPU
		Release|Any CPU = Release|Any CPU
	EndGlobalSection
	GlobalSection(ProjectConfigurationPlatforms) = postSolution
		{69A1D9CD-AE7E-4441-B670-B92F2154FCE9}.Debug|Any CPU.ActiveCfg = Debug|Any CPU
		{69A1D9CD-AE7E-4441-B670-B92F2154FCE9}.Debug|Any CPU.Build.0 = Debug|Any CPU
		{69A1D9CD-AE7E-4441-B670-B92F2154FCE9}.Release|Any CPU.ActiveCfg = Release|Any CPU
		{69A1D9CD-AE7E-4441-B670-B92F2154FCE9}.Release|Any CPU.Build.0 = Release|Any CPU
		{9BF16BDE-79CB-4A15-BD5B-12AC14AC9E8A}.Debug|Any CPU.ActiveCfg = Debug|Any CPU
		{9BF16BDE-79CB-4A15-BD5B-12AC14AC9E8A}.Debug|Any CPU.Build.0 = Debug|Any CPU
		{9BF16BDE-79CB-4A15-BD5B-12AC14AC9E8A}.Release|Any CPU.ActiveCfg = Release|Any CPU
		{9BF16BDE-79CB-4A15-BD5B-12AC14AC9E8A}.Release|Any CPU.Build.0 = Release|Any CPU
		{74BDD7CF-3F2E-4A85-B3CC-E0D8DE2588D4}.Debug|Any CPU.ActiveCfg = Debug|Any CPU
		{74BDD7CF-3F2E-4A85-B3CC-E0D8DE2588D4}.Debug|Any CPU.Build.0 = Debug|Any CPU
		{74BDD7CF-3F2E-4A85-B3CC-E0D8DE2588D4}.Release|Any CPU.ActiveCfg = Release|Any CPU
		{74BDD7CF-3F2E-4A85-B3CC-E0D8DE2588D4}.Release|Any CPU.Build.0 = Release|Any CPU
		{A74D9E34-6806-42AA-AEBC-403FCD9AE8AB}.Debug|Any CPU.ActiveCfg = Debug|Any CPU
		{A74D9E34-6806-42AA-AEBC-403FCD9AE8AB}.Debug|Any CPU.Build.0 = Debug|Any CPU
		{A74D9E34-6806-42AA-AEBC-403FCD9AE8AB}.Release|Any CPU.ActiveCfg = Release|Any CPU
		{A74D9E34-6806-42AA-AEBC-403FCD9AE8AB}.Release|Any CPU.Build.0 = Release|Any CPU
		{94D00594-26CC-43E9-8C89-86573A83C97E}.Debug|Any CPU.ActiveCfg = Debug|Any CPU
		{94D00594-26CC-43E9-8C89-86573A83C97E}.Debug|Any CPU.Build.0 = Debug|Any CPU
		{94D00594-26CC-43E9-8C89-86573A83C97E}.Release|Any CPU.ActiveCfg = Release|Any CPU
		{94D00594-26CC-43E9-8C89-86573A83C97E}.Release|Any CPU.Build.0 = Release|Any CPU
		{8F68E85A-CF87-45A4-9F24-3FDDBEAE6938}.Debug|Any CPU.ActiveCfg = Debug|Any CPU
		{8F68E85A-CF87-45A4-9F24-3FDDBEAE6938}.Debug|Any CPU.Build.0 = Debug|Any CPU
		{8F68E85A-CF87-45A4-9F24-3FDDBEAE6938}.Release|Any CPU.ActiveCfg = Release|Any CPU
		{8F68E85A-CF87-45A4-9F24-3FDDBEAE6938}.Release|Any CPU.Build.0 = Release|Any CPU
		{55AF9401-1787-46D1-81E6-B0F399FFEC09}.Debug|Any CPU.ActiveCfg = Debug|Any CPU
		{55AF9401-1787-46D1-81E6-B0F399FFEC09}.Debug|Any CPU.Build.0 = Debug|Any CPU
		{55AF9401-1787-46D1-81E6-B0F399FFEC09}.Release|Any CPU.ActiveCfg = Release|Any CPU
		{55AF9401-1787-46D1-81E6-B0F399FFEC09}.Release|Any CPU.Build.0 = Release|Any CPU
		{71C92FD7-540C-4925-9E27-866D5E2A8DAD}.Debug|Any CPU.ActiveCfg = Debug|Any CPU
		{71C92FD7-540C-4925-9E27-866D5E2A8DAD}.Debug|Any CPU.Build.0 = Debug|Any CPU
		{71C92FD7-540C-4925-9E27-866D5E2A8DAD}.Release|Any CPU.ActiveCfg = Release|Any CPU
		{71C92FD7-540C-4925-9E27-866D5E2A8DAD}.Release|Any CPU.Build.0 = Release|Any CPU
		{87CF772E-79A2-488F-B742-EDF9A59DAA69}.Debug|Any CPU.ActiveCfg = Debug|Any CPU
		{87CF772E-79A2-488F-B742-EDF9A59DAA69}.Debug|Any CPU.Build.0 = Debug|Any CPU
		{87CF772E-79A2-488F-B742-EDF9A59DAA69}.Release|Any CPU.ActiveCfg = Release|Any CPU
		{87CF772E-79A2-488F-B742-EDF9A59DAA69}.Release|Any CPU.Build.0 = Release|Any CPU
		{53646761-F3DE-40A7-AFEC-12D5FAB696EC}.Debug|Any CPU.ActiveCfg = Debug|Any CPU
		{53646761-F3DE-40A7-AFEC-12D5FAB696EC}.Debug|Any CPU.Build.0 = Debug|Any CPU
		{53646761-F3DE-40A7-AFEC-12D5FAB696EC}.Release|Any CPU.ActiveCfg = Release|Any CPU
		{53646761-F3DE-40A7-AFEC-12D5FAB696EC}.Release|Any CPU.Build.0 = Release|Any CPU
		{D3D7F9ED-0539-4139-9ADE-DB17FAE36B36}.Debug|Any CPU.ActiveCfg = Debug|Any CPU
		{D3D7F9ED-0539-4139-9ADE-DB17FAE36B36}.Debug|Any CPU.Build.0 = Debug|Any CPU
		{D3D7F9ED-0539-4139-9ADE-DB17FAE36B36}.Release|Any CPU.ActiveCfg = Release|Any CPU
		{D3D7F9ED-0539-4139-9ADE-DB17FAE36B36}.Release|Any CPU.Build.0 = Release|Any CPU
		{6E6E1383-B514-4946-A9A2-8C11E81EB7FD}.Debug|Any CPU.ActiveCfg = Debug|Any CPU
		{6E6E1383-B514-4946-A9A2-8C11E81EB7FD}.Debug|Any CPU.Build.0 = Debug|Any CPU
		{6E6E1383-B514-4946-A9A2-8C11E81EB7FD}.Release|Any CPU.ActiveCfg = Release|Any CPU
		{6E6E1383-B514-4946-A9A2-8C11E81EB7FD}.Release|Any CPU.Build.0 = Release|Any CPU
	EndGlobalSection
	GlobalSection(SolutionProperties) = preSolution
		HideSolutionNode = FALSE
	EndGlobalSection
	GlobalSection(ExtensibilityGlobals) = postSolution
		SolutionGuid = {57AC197B-8014-49A5-9971-7503ED2E9913}
	EndGlobalSection
EndGlobal
